{
  "requires": true,
  "lockfileVersion": 1,
  "dependencies": {
    "react-native-unordered-list": {
      "version": "1.0.4",
      "resolved": "https://registry.npmjs.org/react-native-unordered-list/-/react-native-unordered-list-1.0.4.tgz",
      "integrity": "sha512-fLQxuE0xVeqxNiJMWIU1owpshZUJHmvgUF0z50qVjKZ8O8e9jiHPdr7us3SVghWYNws0qd/InGJCsz3VrNBu5w=="
    }
  }
}
